default:
  name: knife_block
  size: [0.12, null, null]
  xml: objects/lightwheel/knife_block/KnifeBlock001

KnifeBlock001:
  xml: objects/lightwheel/knife_block/KnifeBlock001

KnifeBlock002:
  xml: objects/lightwheel/knife_block/KnifeBlock002

KnifeBlock003:
  xml: objects/lightwheel/knife_block/KnifeBlock003

KnifeBlock004:
  xml: objects/lightwheel/knife_block/KnifeBlock004

KnifeBlock005:
  xml: objects/lightwheel/knife_block/KnifeBlock005

KnifeBlock006:
  xml: objects/lightwheel/knife_block/KnifeBlock006
  size: [0.13, null, null]

KnifeBlock007:
  xml: objects/lightwheel/knife_block/KnifeBlock007

KnifeBlock008:
  xml: objects/lightwheel/knife_block/KnifeBlock008

KnifeBlock009:
  xml: objects/lightwheel/knife_block/KnifeBlock009
  size: [0.13, null, null]

KnifeBlock010:
  xml: objects/lightwheel/knife_block/KnifeBlock010

KnifeBlock011:
  xml: objects/lightwheel/knife_block/KnifeBlock011
  size: [0.13, null, null]

KnifeBlock012:
  xml: objects/lightwheel/knife_block/KnifeBlock012

KnifeBlock013:
  xml: objects/lightwheel/knife_block/KnifeBlock013

KnifeBlock014:
  xml: objects/lightwheel/knife_block/KnifeBlock014

KnifeBlock015:
  xml: objects/lightwheel/knife_block/KnifeBlock015

KnifeBlock016:
  xml: objects/lightwheel/knife_block/KnifeBlock016
  size: [0.13, null, null]

KnifeBlock017:
  xml: objects/lightwheel/knife_block/KnifeBlock017

KnifeBlock018:
  xml: objects/lightwheel/knife_block/KnifeBlock018

KnifeBlock019:
  xml: objects/lightwheel/knife_block/KnifeBlock019
  size: [0.13, null, null]

KnifeBlock020:
  xml: objects/lightwheel/knife_block/KnifeBlock020

KnifeBlock021:
  xml: objects/lightwheel/knife_block/KnifeBlock021

KnifeBlock022:
  xml: objects/lightwheel/knife_block/KnifeBlock022

KnifeBlock023:
  xml: objects/lightwheel/knife_block/KnifeBlock023

KnifeBlock024:
  xml: objects/lightwheel/knife_block/KnifeBlock024
  size: [0.15, null, null]